
Microsoft Visual Studio Solution File, Format Version 12.00
# Visual Studio Version 17
VisualStudioVersion = 17.11.35327.3
MinimumVisualStudioVersion = 10.0.40219.1
Project("{FAE04EC0-301F-11D3-BF4B-00C04F79EFBC}") = "WeatherApp", "WeatherApp\WeatherApp.csproj", "{B8CBCC19-FE88-435D-97C9-5A3F1D4E3286}"
EndProject
Global
	GlobalSection(SolutionConfigurationPlatforms) = preSolution
		Debug|Any CPU = Debug|Any CPU
		Release|Any CPU = Release|Any CPU
	EndGlobalSection
	GlobalSection(ProjectConfigurationPlatforms) = postSolution
		{B8CBCC19-FE88-435D-97C9-5A3F1D4E3286}.Debug|Any CPU.ActiveCfg = Debug|Any CPU
		{B8CBCC19-FE88-435D-97C9-5A3F1D4E3286}.Debug|Any CPU.Build.0 = Debug|Any CPU
		{B8CBCC19-FE88-435D-97C9-5A3F1D4E3286}.Debug|Any CPU.Deploy.0 = Debug|Any CPU
		{B8CBCC19-FE88-435D-97C9-5A3F1D4E3286}.Release|Any CPU.ActiveCfg = Release|Any CPU
		{B8CBCC19-FE88-435D-97C9-5A3F1D4E3286}.Release|Any CPU.Build.0 = Release|Any CPU
		{B8CBCC19-FE88-435D-97C9-5A3F1D4E3286}.Release|Any CPU.Deploy.0 = Release|Any CPU
	EndGlobalSection
	GlobalSection(SolutionProperties) = preSolution
		HideSolutionNode = FALSE
	EndGlobalSection
	GlobalSection(ExtensibilityGlobals) = postSolution
		SolutionGuid = {87E12BAB-69D6-47C1-B723-B74B2CE3A727}
	EndGlobalSection
EndGlobal
